
Microsoft Visual Studio Solution File, Format Version 12.00
# Visual Studio Version 17
VisualStudioVersion = 17.9.34622.214
MinimumVisualStudioVersion = 10.0.40219.1
Project("{FAE04EC0-301F-11D3-BF4B-00C04F79EFBC}") = "WebApp", "WebApp.csproj", "{BCF007BF-1ACD-4566-9552-E486BA1E8D57}"
EndProject
Global
	GlobalSection(SolutionConfigurationPlatforms) = preSolution
		Debug|Any CPU = Debug|Any CPU
		Release|Any CPU = Release|Any CPU
	EndGlobalSection
	GlobalSection(ProjectConfigurationPlatforms) = postSolution
		{BCF007BF-1ACD-4566-9552-E486BA1E8D57}.Debug|Any CPU.ActiveCfg = Debug|Any CPU
		{BCF007BF-1ACD-4566-9552-E486BA1E8D57}.Debug|Any CPU.Build.0 = Debug|Any CPU
		{BCF007BF-1ACD-4566-9552-E486BA1E8D57}.Release|Any CPU.ActiveCfg = Release|Any CPU
		{BCF007BF-1ACD-4566-9552-E486BA1E8D57}.Release|Any CPU.Build.0 = Release|Any CPU
	EndGlobalSection
	GlobalSection(SolutionProperties) = preSolution
		HideSolutionNode = FALSE
	EndGlobalSection
	GlobalSection(ExtensibilityGlobals) = postSolution
		SolutionGuid = {4B98B0F8-6D4C-4DF9-BCAF-055C2259E766}
	EndGlobalSection
EndGlobal
